Microsoft Visual Studio Solution File, Format Version 12.00
# Visual Studio 15
Project("{8BC9CEB8-8B4A-11D0-8D11-00A0C91BC942}") = "ALL_BUILD", "ALL_BUILD.vcxproj", "{46E218E5-6A2C-380B-90D4-FBAF7CB57876}"
	ProjectSection(ProjectDependencies) = postProject
		{E419626D-73AA-3CD2-966B-E3221439D175} = {E419626D-73AA-3CD2-966B-E3221439D175}
		{A4DD6D89-B22B-3492-BBC8-83441EA88BBE} = {A4DD6D89-B22B-3492-BBC8-83441EA88BBE}
		{84D31F3A-EC0F-3D00-ABAC-1F2700B98443} = {84D31F3A-EC0F-3D00-ABAC-1F2700B98443}
	EndProjectSection
EndProject
Project("{8BC9CEB8-8B4A-11D0-8D11-00A0C91BC942}") = "ZERO_CHECK", "..\..\\ZERO_CHECK.vcxproj", "{E419626D-73AA-3CD2-966B-E3221439D175}"
	ProjectSection(ProjectDependencies) = postProject
	EndProjectSection
EndProject
Project("{8BC9CEB8-8B4A-11D0-8D11-00A0C91BC942}") = "gtest", "gtest.vcxproj", "{A4DD6D89-B22B-3492-BBC8-83441EA88BBE}"
	ProjectSection(ProjectDependencies) = postProject
		{E419626D-73AA-3CD2-966B-E3221439D175} = {E419626D-73AA-3CD2-966B-E3221439D175}
	EndProjectSection
EndProject
Project("{8BC9CEB8-8B4A-11D0-8D11-00A0C91BC942}") = "gtest_main", "gtest_main.vcxproj", "{84D31F3A-EC0F-3D00-ABAC-1F2700B98443}"
	ProjectSection(ProjectDependencies) = postProject
		{E419626D-73AA-3CD2-966B-E3221439D175} = {E419626D-73AA-3CD2-966B-E3221439D175}
		{A4DD6D89-B22B-3492-BBC8-83441EA88BBE} = {A4DD6D89-B22B-3492-BBC8-83441EA88BBE}
	EndProjectSection
EndProject
Global
	GlobalSection(SolutionConfigurationPlatforms) = preSolution
		Debug|Win32 = Debug|Win32
		Release|Win32 = Release|Win32
		MinSizeRel|Win32 = MinSizeRel|Win32
		RelWithDebInfo|Win32 = RelWithDebInfo|Win32
	EndGlobalSection
	GlobalSection(ProjectConfigurationPlatforms) = postSolution
		{46E218E5-6A2C-380B-90D4-FBAF7CB57876}.Debug|Win32.ActiveCfg = Debug|Win32
		{46E218E5-6A2C-380B-90D4-FBAF7CB57876}.Release|Win32.ActiveCfg = Release|Win32
		{46E218E5-6A2C-380B-90D4-FBAF7CB57876}.MinSizeRel|Win32.ActiveCfg = MinSizeRel|Win32
		{46E218E5-6A2C-380B-90D4-FBAF7CB57876}.RelWithDebInfo|Win32.ActiveCfg = RelWithDebInfo|Win32
		{E419626D-73AA-3CD2-966B-E3221439D175}.Debug|Win32.ActiveCfg = Debug|Win32
		{E419626D-73AA-3CD2-966B-E3221439D175}.Debug|Win32.Build.0 = Debug|Win32
		{E419626D-73AA-3CD2-966B-E3221439D175}.Release|Win32.ActiveCfg = Release|Win32
		{E419626D-73AA-3CD2-966B-E3221439D175}.Release|Win32.Build.0 = Release|Win32
		{E419626D-73AA-3CD2-966B-E3221439D175}.MinSizeRel|Win32.ActiveCfg = MinSizeRel|Win32
		{E419626D-73AA-3CD2-966B-E3221439D175}.MinSizeRel|Win32.Build.0 = MinSizeRel|Win32
		{E419626D-73AA-3CD2-966B-E3221439D175}.RelWithDebInfo|Win32.ActiveCfg = RelWithDebInfo|Win32
		{E419626D-73AA-3CD2-966B-E3221439D175}.RelWithDebInfo|Win32.Build.0 = RelWithDebInfo|Win32
		{A4DD6D89-B22B-3492-BBC8-83441EA88BBE}.Debug|Win32.ActiveCfg = Debug|Win32
		{A4DD6D89-B22B-3492-BBC8-83441EA88BBE}.Debug|Win32.Build.0 = Debug|Win32
		{A4DD6D89-B22B-3492-BBC8-83441EA88BBE}.Release|Win32.ActiveCfg = Release|Win32
		{A4DD6D89-B22B-3492-BBC8-83441EA88BBE}.Release|Win32.Build.0 = Release|Win32
		{A4DD6D89-B22B-3492-BBC8-83441EA88BBE}.MinSizeRel|Win32.ActiveCfg = MinSizeRel|Win32
		{A4DD6D89-B22B-3492-BBC8-83441EA88BBE}.MinSizeRel|Win32.Build.0 = MinSizeRel|Win32
		{A4DD6D89-B22B-3492-BBC8-83441EA88BBE}.RelWithDebInfo|Win32.ActiveCfg = RelWithDebInfo|Win32
		{A4DD6D89-B22B-3492-BBC8-83441EA88BBE}.RelWithDebInfo|Win32.Build.0 = RelWithDebInfo|Win32
		{84D31F3A-EC0F-3D00-ABAC-1F2700B98443}.Debug|Win32.ActiveCfg = Debug|Win32
		{84D31F3A-EC0F-3D00-ABAC-1F2700B98443}.Debug|Win32.Build.0 = Debug|Win32
		{84D31F3A-EC0F-3D00-ABAC-1F2700B98443}.Release|Win32.ActiveCfg = Release|Win32
		{84D31F3A-EC0F-3D00-ABAC-1F2700B98443}.Release|Win32.Build.0 = Release|Win32
		{84D31F3A-EC0F-3D00-ABAC-1F2700B98443}.MinSizeRel|Win32.ActiveCfg = MinSizeRel|Win32
		{84D31F3A-EC0F-3D00-ABAC-1F2700B98443}.MinSizeRel|Win32.Build.0 = MinSizeRel|Win32
		{84D31F3A-EC0F-3D00-ABAC-1F2700B98443}.RelWithDebInfo|Win32.ActiveCfg = RelWithDebInfo|Win32
		{84D31F3A-EC0F-3D00-ABAC-1F2700B98443}.RelWithDebInfo|Win32.Build.0 = RelWithDebInfo|Win32
	EndGlobalSection
	GlobalSection(ExtensibilityGlobals) = postSolution
	EndGlobalSection
	GlobalSection(ExtensibilityAddIns) = postSolution
	EndGlobalSection
EndGlobal
